
Microsoft Visual Studio Solution File, Format Version 12.00
# Visual Studio Version 16
VisualStudioVersion = 16.0.30717.126
MinimumVisualStudioVersion = 10.0.40219.1
Project("{FAE04EC0-301F-11D3-BF4B-00C04F79EFBC}") = "MyNetCoreApp", "MyNetCoreApp.csproj", "{52D8E866-0467-4159-B038-75FAFAEB8C13}"
EndProject
Global
	GlobalSection(SolutionConfigurationPlatforms) = preSolution
		Debug|Any CPU = Debug|Any CPU
		Release|Any CPU = Release|Any CPU
	EndGlobalSection
	GlobalSection(ProjectConfigurationPlatforms) = postSolution
		{52D8E866-0467-4159-B038-75FAFAEB8C13}.Debug|Any CPU.ActiveCfg = Debug|Any CPU
		{52D8E866-0467-4159-B038-75FAFAEB8C13}.Debug|Any CPU.Build.0 = Debug|Any CPU
		{52D8E866-0467-4159-B038-75FAFAEB8C13}.Release|Any CPU.ActiveCfg = Release|Any CPU
		{52D8E866-0467-4159-B038-75FAFAEB8C13}.Release|Any CPU.Build.0 = Release|Any CPU
	EndGlobalSection
	GlobalSection(SolutionProperties) = preSolution
		HideSolutionNode = FALSE
	EndGlobalSection
	GlobalSection(ExtensibilityGlobals) = postSolution
		SolutionGuid = {FB74D19D-45E8-439F-B7EE-832E91B36318}
	EndGlobalSection
EndGlobal
